
Microsoft Visual Studio Solution File, Format Version 12.00
# Visual Studio 15
VisualStudioVersion = 15.0.27130.2036
MinimumVisualStudioVersion = 10.0.40219.1
Project("{FAE04EC0-301F-11D3-BF4B-00C04F79EFBC}") = "XamarinEfCoreDemo.Android", "XamarinEfCoreDemo\XamarinEfCoreDemo.Android\XamarinEfCoreDemo.Android.csproj", "{04092728-C4A5-4EE2-9EF9-B33B47CD8627}"
EndProject
Project("{FAE04EC0-301F-11D3-BF4B-00C04F79EFBC}") = "XamarinEfCoreDemo.iOS", "XamarinEfCoreDemo\XamarinEfCoreDemo.iOS\XamarinEfCoreDemo.iOS.csproj", "{8D8D5B00-9C7F-4C98-B7ED-F90C00F51F01}"
EndProject
Project("{FAE04EC0-301F-11D3-BF4B-00C04F79EFBC}") = "XamarinEfCoreDemo.UWP", "XamarinEfCoreDemo\XamarinEfCoreDemo.UWP\XamarinEfCoreDemo.UWP.csproj", "{F82DA975-CBD7-4E31-A501-AF8A71ADB63F}"
EndProject
Project("{FAE04EC0-301F-11D3-BF4B-00C04F79EFBC}") = "XamarinEfCoreDemo", "XamarinEfCoreDemo\XamarinEfCoreDemo\XamarinEfCoreDemo.csproj", "{36EB436B-1138-4E25-899D-EDF83A29766A}"
EndProject
Global
	GlobalSection(SolutionConfigurationPlatforms) = preSolution
		Ad-Hoc|Any CPU = Ad-Hoc|Any CPU
		Ad-Hoc|ARM = Ad-Hoc|ARM
		Ad-Hoc|iPhone = Ad-Hoc|iPhone
		Ad-Hoc|iPhoneSimulator = Ad-Hoc|iPhoneSimulator
		Ad-Hoc|x64 = Ad-Hoc|x64
		Ad-Hoc|x86 = Ad-Hoc|x86
		AppStore|Any CPU = AppStore|Any CPU
		AppStore|ARM = AppStore|ARM
		AppStore|iPhone = AppStore|iPhone
		AppStore|iPhoneSimulator = AppStore|iPhoneSimulator
		AppStore|x64 = AppStore|x64
		AppStore|x86 = AppStore|x86
		Debug|Any CPU = Debug|Any CPU
		Debug|ARM = Debug|ARM
		Debug|iPhone = Debug|iPhone
		Debug|iPhoneSimulator = Debug|iPhoneSimulator
		Debug|x64 = Debug|x64
		Debug|x86 = Debug|x86
		Release|Any CPU = Release|Any CPU
		Release|ARM = Release|ARM
		Release|iPhone = Release|iPhone
		Release|iPhoneSimulator = Release|iPhoneSimulator
		Release|x64 = Release|x64
		Release|x86 = Release|x86
	EndGlobalSection
	GlobalSection(ProjectConfigurationPlatforms) = postSolution
		{04092728-C4A5-4EE2-9EF9-B33B47CD8627}.Ad-Hoc|Any CPU.ActiveCfg = Release|Any CPU
		{04092728-C4A5-4EE2-9EF9-B33B47CD8627}.Ad-Hoc|Any CPU.Build.0 = Release|Any CPU
		{04092728-C4A5-4EE2-9EF9-B33B47CD8627}.Ad-Hoc|Any CPU.Deploy.0 = Release|Any CPU
		{04092728-C4A5-4EE2-9EF9-B33B47CD8627}.Ad-Hoc|ARM.ActiveCfg = Release|Any CPU
		{04092728-C4A5-4EE2-9EF9-B33B47CD8627}.Ad-Hoc|ARM.Build.0 = Release|Any CPU
		{04092728-C4A5-4EE2-9EF9-B33B47CD8627}.Ad-Hoc|ARM.Deploy.0 = Release|Any CPU
		{04092728-C4A5-4EE2-9EF9-B33B47CD8627}.Ad-Hoc|iPhone.ActiveCfg = Release|Any CPU
		{04092728-C4A5-4EE2-9EF9-B33B47CD8627}.Ad-Hoc|iPhone.Build.0 = Release|Any CPU
		{04092728-C4A5-4EE2-9EF9-B33B47CD8627}.Ad-Hoc|iPhone.Deploy.0 = Release|Any CPU
		{04092728-C4A5-4EE2-9EF9-B33B47CD8627}.Ad-Hoc|iPhoneSimulator.ActiveCfg = Release|Any CPU
		{04092728-C4A5-4EE2-9EF9-B33B47CD8627}.Ad-Hoc|iPhoneSimulator.Build.0 = Release|Any CPU
		{04092728-C4A5-4EE2-9EF9-B33B47CD8627}.Ad-Hoc|iPhoneSimulator.Deploy.0 = Release|Any CPU
		{04092728-C4A5-4EE2-9EF9-B33B47CD8627}.Ad-Hoc|x64.ActiveCfg = Release|Any CPU
		{04092728-C4A5-4EE2-9EF9-B33B47CD8627}.Ad-Hoc|x64.Build.0 = Release|Any CPU
		{04092728-C4A5-4EE2-9EF9-B33B47CD8627}.Ad-Hoc|x64.Deploy.0 = Release|Any CPU
		{04092728-C4A5-4EE2-9EF9-B33B47CD8627}.Ad-Hoc|x86.ActiveCfg = Release|Any CPU
		{04092728-C4A5-4EE2-9EF9-B33B47CD8627}.Ad-Hoc|x86.Build.0 = Release|Any CPU
		{04092728-C4A5-4EE2-9EF9-B33B47CD8627}.Ad-Hoc|x86.Deploy.0 = Release|Any CPU
		{04092728-C4A5-4EE2-9EF9-B33B47CD8627}.AppStore|Any CPU.ActiveCfg = Release|Any CPU
		{04092728-C4A5-4EE2-9EF9-B33B47CD8627}.AppStore|Any CPU.Build.0 = Release|Any CPU
		{04092728-C4A5-4EE2-9EF9-B33B47CD8627}.AppStore|Any CPU.Deploy.0 = Release|Any CPU
		{04092728-C4A5-4EE2-9EF9-B33B47CD8627}.AppStore|ARM.ActiveCfg = Release|Any CPU
		{04092728-C4A5-4EE2-9EF9-B33B47CD8627}.AppStore|ARM.Build.0 = Release|Any CPU
		{04092728-C4A5-4EE2-9EF9-B33B47CD8627}.AppStore|ARM.Deploy.0 = Release|Any CPU
		{04092728-C4A5-4EE2-9EF9-B33B47CD8627}.AppStore|iPhone.ActiveCfg = Release|Any CPU
		{04092728-C4A5-4EE2-9EF9-B33B47CD8627}.AppStore|iPhone.Build.0 = Release|Any CPU
		{04092728-C4A5-4EE2-9EF9-B33B47CD8627}.AppStore|iPhone.Deploy.0 = Release|Any CPU
		{04092728-C4A5-4EE2-9EF9-B33B47CD8627}.AppStore|iPhoneSimulator.ActiveCfg = Release|Any CPU
		{04092728-C4A5-4EE2-9EF9-B33B47CD8627}.AppStore|iPhoneSimulator.Build.0 = Release|Any CPU
		{04092728-C4A5-4EE2-9EF9-B33B47CD8627}.AppStore|iPhoneSimulator.Deploy.0 = Release|Any CPU
		{04092728-C4A5-4EE2-9EF9-B33B47CD8627}.AppStore|x64.ActiveCfg = Release|Any CPU
		{04092728-C4A5-4EE2-9EF9-B33B47CD8627}.AppStore|x64.Build.0 = Release|Any CPU
		{04092728-C4A5-4EE2-9EF9-B33B47CD8627}.AppStore|x64.Deploy.0 = Release|Any CPU
		{04092728-C4A5-4EE2-9EF9-B33B47CD8627}.AppStore|x86.ActiveCfg = Release|Any CPU
		{04092728-C4A5-4EE2-9EF9-B33B47CD8627}.AppStore|x86.Build.0 = Release|Any CPU
		{04092728-C4A5-4EE2-9EF9-B33B47CD8627}.AppStore|x86.Deploy.0 = Release|Any CPU
		{04092728-C4A5-4EE2-9EF9-B33B47CD8627}.Debug|Any CPU.ActiveCfg = Debug|Any CPU
		{04092728-C4A5-4EE2-9EF9-B33B47CD8627}.Debug|Any CPU.Build.0 = Debug|Any CPU
		{04092728-C4A5-4EE2-9EF9-B33B47CD8627}.Debug|Any CPU.Deploy.0 = Debug|Any CPU
		{04092728-C4A5-4EE2-9EF9-B33B47CD8627}.Debug|ARM.ActiveCfg = Debug|Any CPU
		{04092728-C4A5-4EE2-9EF9-B33B47CD8627}.Debug|ARM.Build.0 = Debug|Any CPU
		{04092728-C4A5-4EE2-9EF9-B33B47CD8627}.Debug|ARM.Deploy.0 = Debug|Any CPU
		{04092728-C4A5-4EE2-9EF9-B33B47CD8627}.Debug|iPhone.ActiveCfg = Debug|Any CPU
		{04092728-C4A5-4EE2-9EF9-B33B47CD8627}.Debug|iPhone.Build.0 = Debug|Any CPU
		{04092728-C4A5-4EE2-9EF9-B33B47CD8627}.Debug|iPhone.Deploy.0 = Debug|Any CPU
		{04092728-C4A5-4EE2-9EF9-B33B47CD8627}.Debug|iPhoneSimulator.ActiveCfg = Debug|Any CPU
		{04092728-C4A5-4EE2-9EF9-B33B47CD8627}.Debug|iPhoneSimulator.Build.0 = Debug|Any CPU
		{04092728-C4A5-4EE2-9EF9-B33B47CD8627}.Debug|iPhoneSimulator.Deploy.0 = Debug|Any CPU
		{04092728-C4A5-4EE2-9EF9-B33B47CD8627}.Debug|x64.ActiveCfg = Debug|Any CPU
		{04092728-C4A5-4EE2-9EF9-B33B47CD8627}.Debug|x64.Build.0 = Debug|Any CPU
		{04092728-C4A5-4EE2-9EF9-B33B47CD8627}.Debug|x64.Deploy.0 = Debug|Any CPU
		{04092728-C4A5-4EE2-9EF9-B33B47CD8627}.Debug|x86.ActiveCfg = Debug|Any CPU
		{04092728-C4A5-4EE2-9EF9-B33B47CD8627}.Debug|x86.Build.0 = Debug|Any CPU
		{04092728-C4A5-4EE2-9EF9-B33B47CD8627}.Debug|x86.Deploy.0 = Debug|Any CPU
		{04092728-C4A5-4EE2-9EF9-B33B47CD8627}.Release|Any CPU.ActiveCfg = Release|Any CPU
		{04092728-C4A5-4EE2-9EF9-B33B47CD8627}.Release|Any CPU.Build.0 = Release|Any CPU
		{04092728-C4A5-4EE2-9EF9-B33B47CD8627}.Release|Any CPU.Deploy.0 = Release|Any CPU
		{04092728-C4A5-4EE2-9EF9-B33B47CD8627}.Release|ARM.ActiveCfg = Release|Any CPU
		{04092728-C4A5-4EE2-9EF9-B33B47CD8627}.Release|ARM.Build.0 = Release|Any CPU
		{04092728-C4A5-4EE2-9EF9-B33B47CD8627}.Release|ARM.Deploy.0 = Release|Any CPU
		{04092728-C4A5-4EE2-9EF9-B33B47CD8627}.Release|iPhone.ActiveCfg = Release|Any CPU
		{04092728-C4A5-4EE2-9EF9-B33B47CD8627}.Release|iPhone.Build.0 = Release|Any CPU
		{04092728-C4A5-4EE2-9EF9-B33B47CD8627}.Release|iPhone.Deploy.0 = Release|Any CPU
		{04092728-C4A5-4EE2-9EF9-B33B47CD8627}.Release|iPhoneSimulator.ActiveCfg = Release|Any CPU
		{04092728-C4A5-4EE2-9EF9-B33B47CD8627}.Release|iPhoneSimulator.Build.0 = Release|Any CPU
		{04092728-C4A5-4EE2-9EF9-B33B47CD8627}.Release|iPhoneSimulator.Deploy.0 = Release|Any CPU
		{04092728-C4A5-4EE2-9EF9-B33B47CD8627}.Release|x64.ActiveCfg = Release|Any CPU
		{04092728-C4A5-4EE2-9EF9-B33B47CD8627}.Release|x64.Build.0 = Release|Any CPU
		{04092728-C4A5-4EE2-9EF9-B33B47CD8627}.Release|x64.Deploy.0 = Release|Any CPU
		{04092728-C4A5-4EE2-9EF9-B33B47CD8627}.Release|x86.ActiveCfg = Release|Any CPU
		{04092728-C4A5-4EE2-9EF9-B33B47CD8627}.Release|x86.Build.0 = Release|Any CPU
		{04092728-C4A5-4EE2-9EF9-B33B47CD8627}.Release|x86.Deploy.0 = Release|Any CPU
		{8D8D5B00-9C7F-4C98-B7ED-F90C00F51F01}.Ad-Hoc|Any CPU.ActiveCfg = Ad-Hoc|iPhone
		{8D8D5B00-9C7F-4C98-B7ED-F90C00F51F01}.Ad-Hoc|ARM.ActiveCfg = Ad-Hoc|iPhone
		{8D8D5B00-9C7F-4C98-B7ED-F90C00F51F01}.Ad-Hoc|iPhone.ActiveCfg = Ad-Hoc|iPhone
		{8D8D5B00-9C7F-4C98-B7ED-F90C00F51F01}.Ad-Hoc|iPhone.Build.0 = Ad-Hoc|iPhone
		{8D8D5B00-9C7F-4C98-B7ED-F90C00F51F01}.Ad-Hoc|iPhoneSimulator.ActiveCfg = Ad-Hoc|iPhoneSimulator
		{8D8D5B00-9C7F-4C98-B7ED-F90C00F51F01}.Ad-Hoc|iPhoneSimulator.Build.0 = Ad-Hoc|iPhoneSimulator
		{8D8D5B00-9C7F-4C98-B7ED-F90C00F51F01}.Ad-Hoc|x64.ActiveCfg = Ad-Hoc|iPhone
		{8D8D5B00-9C7F-4C98-B7ED-F90C00F51F01}.Ad-Hoc|x86.ActiveCfg = Ad-Hoc|iPhone
		{8D8D5B00-9C7F-4C98-B7ED-F90C00F51F01}.AppStore|Any CPU.ActiveCfg = AppStore|iPhone
		{8D8D5B00-9C7F-4C98-B7ED-F90C00F51F01}.AppStore|ARM.ActiveCfg = AppStore|iPhone
		{8D8D5B00-9C7F-4C98-B7ED-F90C00F51F01}.AppStore|iPhone.ActiveCfg = AppStore|iPhone
		{8D8D5B00-9C7F-4C98-B7ED-F90C00F51F01}.AppStore|iPhone.Build.0 = AppStore|iPhone
		{8D8D5B00-9C7F-4C98-B7ED-F90C00F51F01}.AppStore|iPhoneSimulator.ActiveCfg = AppStore|iPhoneSimulator
		{8D8D5B00-9C7F-4C98-B7ED-F90C00F51F01}.AppStore|iPhoneSimulator.Build.0 = AppStore|iPhoneSimulator
		{8D8D5B00-9C7F-4C98-B7ED-F90C00F51F01}.AppStore|x64.ActiveCfg = AppStore|iPhone
		{8D8D5B00-9C7F-4C98-B7ED-F90C00F51F01}.AppStore|x86.ActiveCfg = AppStore|iPhone
		{8D8D5B00-9C7F-4C98-B7ED-F90C00F51F01}.Debug|Any CPU.ActiveCfg = Debug|iPhone
		{8D8D5B00-9C7F-4C98-B7ED-F90C00F51F01}.Debug|ARM.ActiveCfg = Debug|iPhone
		{8D8D5B00-9C7F-4C98-B7ED-F90C00F51F01}.Debug|iPhone.ActiveCfg = Debug|iPhone
		{8D8D5B00-9C7F-4C98-B7ED-F90C00F51F01}.Debug|iPhone.Build.0 = Debug|iPhone
		{8D8D5B00-9C7F-4C98-B7ED-F90C00F51F01}.Debug|iPhoneSimulator.ActiveCfg = Debug|iPhoneSimulator
		{8D8D5B00-9C7F-4C98-B7ED-F90C00F51F01}.Debug|iPhoneSimulator.Build.0 = Debug|iPhoneSimulator
		{8D8D5B00-9C7F-4C98-B7ED-F90C00F51F01}.Debug|x64.ActiveCfg = Debug|iPhone
		{8D8D5B00-9C7F-4C98-B7ED-F90C00F51F01}.Debug|x86.ActiveCfg = Debug|iPhone
		{8D8D5B00-9C7F-4C98-B7ED-F90C00F51F01}.Release|Any CPU.ActiveCfg = Release|iPhone
		{8D8D5B00-9C7F-4C98-B7ED-F90C00F51F01}.Release|ARM.ActiveCfg = Release|iPhone
		{8D8D5B00-9C7F-4C98-B7ED-F90C00F51F01}.Release|iPhone.ActiveCfg = Release|iPhone
		{8D8D5B00-9C7F-4C98-B7ED-F90C00F51F01}.Release|iPhone.Build.0 = Release|iPhone
		{8D8D5B00-9C7F-4C98-B7ED-F90C00F51F01}.Release|iPhoneSimulator.ActiveCfg = Release|iPhoneSimulator
		{8D8D5B00-9C7F-4C98-B7ED-F90C00F51F01}.Release|iPhoneSimulator.Build.0 = Release|iPhoneSimulator
		{8D8D5B00-9C7F-4C98-B7ED-F90C00F51F01}.Release|x64.ActiveCfg = Release|iPhone
		{8D8D5B00-9C7F-4C98-B7ED-F90C00F51F01}.Release|x86.ActiveCfg = Release|iPhone
		{F82DA975-CBD7-4E31-A501-AF8A71ADB63F}.Ad-Hoc|Any CPU.ActiveCfg = Release|x86
		{F82DA975-CBD7-4E31-A501-AF8A71ADB63F}.Ad-Hoc|Any CPU.Build.0 = Release|x86
		{F82DA975-CBD7-4E31-A501-AF8A71ADB63F}.Ad-Hoc|Any CPU.Deploy.0 = Release|x86
		{F82DA975-CBD7-4E31-A501-AF8A71ADB63F}.Ad-Hoc|ARM.ActiveCfg = Release|ARM
		{F82DA975-CBD7-4E31-A501-AF8A71ADB63F}.Ad-Hoc|ARM.Build.0 = Release|ARM
		{F82DA975-CBD7-4E31-A501-AF8A71ADB63F}.Ad-Hoc|ARM.Deploy.0 = Release|ARM
		{F82DA975-CBD7-4E31-A501-AF8A71ADB63F}.Ad-Hoc|iPhone.ActiveCfg = Release|x86
		{F82DA975-CBD7-4E31-A501-AF8A71ADB63F}.Ad-Hoc|iPhone.Build.0 = Release|x86
		{F82DA975-CBD7-4E31-A501-AF8A71ADB63F}.Ad-Hoc|iPhone.Deploy.0 = Release|x86
		{F82DA975-CBD7-4E31-A501-AF8A71ADB63F}.Ad-Hoc|iPhoneSimulator.ActiveCfg = Release|x86
		{F82DA975-CBD7-4E31-A501-AF8A71ADB63F}.Ad-Hoc|iPhoneSimulator.Build.0 = Release|x86
		{F82DA975-CBD7-4E31-A501-AF8A71ADB63F}.Ad-Hoc|iPhoneSimulator.Deploy.0 = Release|x86
		{F82DA975-CBD7-4E31-A501-AF8A71ADB63F}.Ad-Hoc|x64.ActiveCfg = Release|x64
		{F82DA975-CBD7-4E31-A501-AF8A71ADB63F}.Ad-Hoc|x64.Build.0 = Release|x64
		{F82DA975-CBD7-4E31-A501-AF8A71ADB63F}.Ad-Hoc|x64.Deploy.0 = Release|x64
		{F82DA975-CBD7-4E31-A501-AF8A71ADB63F}.Ad-Hoc|x86.ActiveCfg = Release|x86
		{F82DA975-CBD7-4E31-A501-AF8A71ADB63F}.Ad-Hoc|x86.Build.0 = Release|x86
		{F82DA975-CBD7-4E31-A501-AF8A71ADB63F}.Ad-Hoc|x86.Deploy.0 = Release|x86
		{F82DA975-CBD7-4E31-A501-AF8A71ADB63F}.AppStore|Any CPU.ActiveCfg = Release|x86
		{F82DA975-CBD7-4E31-A501-AF8A71ADB63F}.AppStore|Any CPU.Build.0 = Release|x86
		{F82DA975-CBD7-4E31-A501-AF8A71ADB63F}.AppStore|Any CPU.Deploy.0 = Release|x86
		{F82DA975-CBD7-4E31-A501-AF8A71ADB63F}.AppStore|ARM.ActiveCfg = Release|ARM
		{F82DA975-CBD7-4E31-A501-AF8A71ADB63F}.AppStore|ARM.Build.0 = Release|ARM
		{F82DA975-CBD7-4E31-A501-AF8A71ADB63F}.AppStore|ARM.Deploy.0 = Release|ARM
		{F82DA975-CBD7-4E31-A501-AF8A71ADB63F}.AppStore|iPhone.ActiveCfg = Release|x86
		{F82DA975-CBD7-4E31-A501-AF8A71ADB63F}.AppStore|iPhone.Build.0 = Release|x86
		{F82DA975-CBD7-4E31-A501-AF8A71ADB63F}.AppStore|iPhone.Deploy.0 = Release|x86
		{F82DA975-CBD7-4E31-A501-AF8A71ADB63F}.AppStore|iPhoneSimulator.ActiveCfg = Release|x86
		{F82DA975-CBD7-4E31-A501-AF8A71ADB63F}.AppStore|iPhoneSimulator.Build.0 = Release|x86
		{F82DA975-CBD7-4E31-A501-AF8A71ADB63F}.AppStore|iPhoneSimulator.Deploy.0 = Release|x86
		{F82DA975-CBD7-4E31-A501-AF8A71ADB63F}.AppStore|x64.ActiveCfg = Release|x64
		{F82DA975-CBD7-4E31-A501-AF8A71ADB63F}.AppStore|x64.Build.0 = Release|x64
		{F82DA975-CBD7-4E31-A501-AF8A71ADB63F}.AppStore|x64.Deploy.0 = Release|x64
		{F82DA975-CBD7-4E31-A501-AF8A71ADB63F}.AppStore|x86.ActiveCfg = Release|x86
		{F82DA975-CBD7-4E31-A501-AF8A71ADB63F}.AppStore|x86.Build.0 = Release|x86
		{F82DA975-CBD7-4E31-A501-AF8A71ADB63F}.AppStore|x86.Deploy.0 = Release|x86
		{F82DA975-CBD7-4E31-A501-AF8A71ADB63F}.Debug|Any CPU.ActiveCfg = Debug|x86
		{F82DA975-CBD7-4E31-A501-AF8A71ADB63F}.Debug|ARM.ActiveCfg = Debug|ARM
		{F82DA975-CBD7-4E31-A501-AF8A71ADB63F}.Debug|ARM.Build.0 = Debug|ARM
		{F82DA975-CBD7-4E31-A501-AF8A71ADB63F}.Debug|ARM.Deploy.0 = Debug|ARM
		{F82DA975-CBD7-4E31-A501-AF8A71ADB63F}.Debug|iPhone.ActiveCfg = Debug|x86
		{F82DA975-CBD7-4E31-A501-AF8A71ADB63F}.Debug|iPhoneSimulator.ActiveCfg = Debug|x86
		{F82DA975-CBD7-4E31-A501-AF8A71ADB63F}.Debug|x64.ActiveCfg = Debug|x64
		{F82DA975-CBD7-4E31-A501-AF8A71ADB63F}.Debug|x64.Build.0 = Debug|x64
		{F82DA975-CBD7-4E31-A501-AF8A71ADB63F}.Debug|x64.Deploy.0 = Debug|x64
		{F82DA975-CBD7-4E31-A501-AF8A71ADB63F}.Debug|x86.ActiveCfg = Debug|x86
		{F82DA975-CBD7-4E31-A501-AF8A71ADB63F}.Debug|x86.Build.0 = Debug|x86
		{F82DA975-CBD7-4E31-A501-AF8A71ADB63F}.Debug|x86.Deploy.0 = Debug|x86
		{F82DA975-CBD7-4E31-A501-AF8A71ADB63F}.Release|Any CPU.ActiveCfg = Release|x86
		{F82DA975-CBD7-4E31-A501-AF8A71ADB63F}.Release|ARM.ActiveCfg = Release|ARM
		{F82DA975-CBD7-4E31-A501-AF8A71ADB63F}.Release|ARM.Build.0 = Release|ARM
		{F82DA975-CBD7-4E31-A501-AF8A71ADB63F}.Release|ARM.Deploy.0 = Release|ARM
		{F82DA975-CBD7-4E31-A501-AF8A71ADB63F}.Release|iPhone.ActiveCfg = Release|x86
		{F82DA975-CBD7-4E31-A501-AF8A71ADB63F}.Release|iPhoneSimulator.ActiveCfg = Release|x86
		{F82DA975-CBD7-4E31-A501-AF8A71ADB63F}.Release|x64.ActiveCfg = Release|x64
		{F82DA975-CBD7-4E31-A501-AF8A71ADB63F}.Release|x64.Build.0 = Release|x64
		{F82DA975-CBD7-4E31-A501-AF8A71ADB63F}.Release|x64.Deploy.0 = Release|x64
		{F82DA975-CBD7-4E31-A501-AF8A71ADB63F}.Release|x86.ActiveCfg = Release|x86
		{F82DA975-CBD7-4E31-A501-AF8A71ADB63F}.Release|x86.Build.0 = Release|x86
		{F82DA975-CBD7-4E31-A501-AF8A71ADB63F}.Release|x86.Deploy.0 = Release|x86
		{36EB436B-1138-4E25-899D-EDF83A29766A}.Ad-Hoc|Any CPU.ActiveCfg = Debug|Any CPU
		{36EB436B-1138-4E25-899D-EDF83A29766A}.Ad-Hoc|Any CPU.Build.0 = Debug|Any CPU
		{36EB436B-1138-4E25-899D-EDF83A29766A}.Ad-Hoc|ARM.ActiveCfg = Debug|Any CPU
		{36EB436B-1138-4E25-899D-EDF83A29766A}.Ad-Hoc|ARM.Build.0 = Debug|Any CPU
		{36EB436B-1138-4E25-899D-EDF83A29766A}.Ad-Hoc|iPhone.ActiveCfg = Debug|Any CPU
		{36EB436B-1138-4E25-899D-EDF83A29766A}.Ad-Hoc|iPhone.Build.0 = Debug|Any CPU
		{36EB436B-1138-4E25-899D-EDF83A29766A}.Ad-Hoc|iPhoneSimulator.ActiveCfg = Debug|Any CPU
		{36EB436B-1138-4E25-899D-EDF83A29766A}.Ad-Hoc|iPhoneSimulator.Build.0 = Debug|Any CPU
		{36EB436B-1138-4E25-899D-EDF83A29766A}.Ad-Hoc|x64.ActiveCfg = Debug|Any CPU
		{36EB436B-1138-4E25-899D-EDF83A29766A}.Ad-Hoc|x64.Build.0 = Debug|Any CPU
		{36EB436B-1138-4E25-899D-EDF83A29766A}.Ad-Hoc|x86.ActiveCfg = Debug|Any CPU
		{36EB436B-1138-4E25-899D-EDF83A29766A}.Ad-Hoc|x86.Build.0 = Debug|Any CPU
		{36EB436B-1138-4E25-899D-EDF83A29766A}.AppStore|Any CPU.ActiveCfg = Debug|Any CPU
		{36EB436B-1138-4E25-899D-EDF83A29766A}.AppStore|Any CPU.Build.0 = Debug|Any CPU
		{36EB436B-1138-4E25-899D-EDF83A29766A}.AppStore|ARM.ActiveCfg = Debug|Any CPU
		{36EB436B-1138-4E25-899D-EDF83A29766A}.AppStore|ARM.Build.0 = Debug|Any CPU
		{36EB436B-1138-4E25-899D-EDF83A29766A}.AppStore|iPhone.ActiveCfg = Debug|Any CPU
		{36EB436B-1138-4E25-899D-EDF83A29766A}.AppStore|iPhone.Build.0 = Debug|Any CPU
		{36EB436B-1138-4E25-899D-EDF83A29766A}.AppStore|iPhoneSimulator.ActiveCfg = Debug|Any CPU
		{36EB436B-1138-4E25-899D-EDF83A29766A}.AppStore|iPhoneSimulator.Build.0 = Debug|Any CPU
		{36EB436B-1138-4E25-899D-EDF83A29766A}.AppStore|x64.ActiveCfg = Debug|Any CPU
		{36EB436B-1138-4E25-899D-EDF83A29766A}.AppStore|x64.Build.0 = Debug|Any CPU
		{36EB436B-1138-4E25-899D-EDF83A29766A}.AppStore|x86.ActiveCfg = Debug|Any CPU
		{36EB436B-1138-4E25-899D-EDF83A29766A}.AppStore|x86.Build.0 = Debug|Any CPU
		{36EB436B-1138-4E25-899D-EDF83A29766A}.Debug|Any CPU.ActiveCfg = Debug|Any CPU
		{36EB436B-1138-4E25-899D-EDF83A29766A}.Debug|Any CPU.Build.0 = Debug|Any CPU
		{36EB436B-1138-4E25-899D-EDF83A29766A}.Debug|ARM.ActiveCfg = Debug|Any CPU
		{36EB436B-1138-4E25-899D-EDF83A29766A}.Debug|ARM.Build.0 = Debug|Any CPU
		{36EB436B-1138-4E25-899D-EDF83A29766A}.Debug|iPhone.ActiveCfg = Debug|Any CPU
		{36EB436B-1138-4E25-899D-EDF83A29766A}.Debug|iPhone.Build.0 = Debug|Any CPU
		{36EB436B-1138-4E25-899D-EDF83A29766A}.Debug|iPhoneSimulator.ActiveCfg = Debug|Any CPU
		{36EB436B-1138-4E25-899D-EDF83A29766A}.Debug|iPhoneSimulator.Build.0 = Debug|Any CPU
		{36EB436B-1138-4E25-899D-EDF83A29766A}.Debug|x64.ActiveCfg = Debug|Any CPU
		{36EB436B-1138-4E25-899D-EDF83A29766A}.Debug|x64.Build.0 = Debug|Any CPU
		{36EB436B-1138-4E25-899D-EDF83A29766A}.Debug|x86.ActiveCfg = Debug|Any CPU
		{36EB436B-1138-4E25-899D-EDF83A29766A}.Debug|x86.Build.0 = Debug|Any CPU
		{36EB436B-1138-4E25-899D-EDF83A29766A}.Release|Any CPU.ActiveCfg = Release|Any CPU
		{36EB436B-1138-4E25-899D-EDF83A29766A}.Release|Any CPU.Build.0 = Release|Any CPU
		{36EB436B-1138-4E25-899D-EDF83A29766A}.Release|ARM.ActiveCfg = Release|Any CPU
		{36EB436B-1138-4E25-899D-EDF83A29766A}.Release|ARM.Build.0 = Release|Any CPU
		{36EB436B-1138-4E25-899D-EDF83A29766A}.Release|iPhone.ActiveCfg = Release|Any CPU
		{36EB436B-1138-4E25-899D-EDF83A29766A}.Release|iPhone.Build.0 = Release|Any CPU
		{36EB436B-1138-4E25-899D-EDF83A29766A}.Release|iPhoneSimulator.ActiveCfg = Release|Any CPU
		{36EB436B-1138-4E25-899D-EDF83A29766A}.Release|iPhoneSimulator.Build.0 = Release|Any CPU
		{36EB436B-1138-4E25-899D-EDF83A29766A}.Release|x64.ActiveCfg = Release|Any CPU
		{36EB436B-1138-4E25-899D-EDF83A29766A}.Release|x64.Build.0 = Release|Any CPU
		{36EB436B-1138-4E25-899D-EDF83A29766A}.Release|x86.ActiveCfg = Release|Any CPU
		{36EB436B-1138-4E25-899D-EDF83A29766A}.Release|x86.Build.0 = Release|Any CPU
	EndGlobalSection
	GlobalSection(SolutionProperties) = preSolution
		HideSolutionNode = FALSE
	EndGlobalSection
	GlobalSection(ExtensibilityGlobals) = postSolution
		SolutionGuid = {430C7871-EB80-41C4-A344-38D03749744A}
	EndGlobalSection
EndGlobal
